
Microsoft Visual Studio Solution File, Format Version 12.00
# Visual Studio Version 16
VisualStudioVersion = 16.0.30907.101
MinimumVisualStudioVersion = 10.0.40219.1
Project("{F184B08F-C81C-45F6-A57F-5ABD9991F28F}") = "rekam_medis", "rekam_medis\rekam_medis.vbproj", "{429B82DC-F6F5-4792-A602-EB9F4187D918}"
EndProject
Global
	GlobalSection(SolutionConfigurationPlatforms) = preSolution
		Debug|Any CPU = Debug|Any CPU
		Release|Any CPU = Release|Any CPU
	EndGlobalSection
	GlobalSection(ProjectConfigurationPlatforms) = postSolution
		{429B82DC-F6F5-4792-A602-EB9F4187D918}.Debug|Any CPU.ActiveCfg = Debug|Any CPU
		{429B82DC-F6F5-4792-A602-EB9F4187D918}.Debug|Any CPU.Build.0 = Debug|Any CPU
		{429B82DC-F6F5-4792-A602-EB9F4187D918}.Release|Any CPU.ActiveCfg = Release|Any CPU
		{429B82DC-F6F5-4792-A602-EB9F4187D918}.Release|Any CPU.Build.0 = Release|Any CPU
	EndGlobalSection
	GlobalSection(SolutionProperties) = preSolution
		HideSolutionNode = FALSE
	EndGlobalSection
	GlobalSection(ExtensibilityGlobals) = postSolution
		SolutionGuid = {0C8213AD-58A5-4443-A590-86E5F7552C75}
	EndGlobalSection
EndGlobal
